
Microsoft Visual Studio Solution File, Format Version 12.00
# Visual Studio Version 16
VisualStudioVersion = 16.0.30225.117
MinimumVisualStudioVersion = 10.0.40219.1
Project("{9092AA53-FB77-4645-B42D-1CCCA6BD08BD}") = "HotelApp", "HotelApp\HotelApp.njsproj", "{6E52E03D-28E0-4B37-B9B6-5B37F67574A9}"
EndProject
Global
	GlobalSection(SolutionConfigurationPlatforms) = preSolution
		Debug|Any CPU = Debug|Any CPU
		Release|Any CPU = Release|Any CPU
	EndGlobalSection
	GlobalSection(ProjectConfigurationPlatforms) = postSolution
		{6E52E03D-28E0-4B37-B9B6-5B37F67574A9}.Debug|Any CPU.ActiveCfg = Debug|Any CPU
		{6E52E03D-28E0-4B37-B9B6-5B37F67574A9}.Debug|Any CPU.Build.0 = Debug|Any CPU
		{6E52E03D-28E0-4B37-B9B6-5B37F67574A9}.Release|Any CPU.ActiveCfg = Release|Any CPU
		{6E52E03D-28E0-4B37-B9B6-5B37F67574A9}.Release|Any CPU.Build.0 = Release|Any CPU
	EndGlobalSection
	GlobalSection(SolutionProperties) = preSolution
		HideSolutionNode = FALSE
	EndGlobalSection
	GlobalSection(ExtensibilityGlobals) = postSolution
		SolutionGuid = {412A59B9-42F7-409D-851A-8A39CDF47209}
	EndGlobalSection
EndGlobal
